
Microsoft Visual Studio Solution File, Format Version 12.00
# Visual Studio Version 17
VisualStudioVersion = 17.11.35219.272
MinimumVisualStudioVersion = 10.0.40219.1
Project("{FAE04EC0-301F-11D3-BF4B-00C04F79EFBC}") = "MetaEdit", "MetaEdit\MetaEdit.csproj", "{7CF9E219-7F15-4E33-9031-2559FFEC751E}"
EndProject
Global
	GlobalSection(SolutionConfigurationPlatforms) = preSolution
		Debug|Any CPU = Debug|Any CPU
		Release|Any CPU = Release|Any CPU
	EndGlobalSection
	GlobalSection(ProjectConfigurationPlatforms) = postSolution
		{7CF9E219-7F15-4E33-9031-2559FFEC751E}.Debug|Any CPU.ActiveCfg = Debug|Any CPU
		{7CF9E219-7F15-4E33-9031-2559FFEC751E}.Debug|Any CPU.Build.0 = Debug|Any CPU
		{7CF9E219-7F15-4E33-9031-2559FFEC751E}.Release|Any CPU.ActiveCfg = Release|Any CPU
		{7CF9E219-7F15-4E33-9031-2559FFEC751E}.Release|Any CPU.Build.0 = Release|Any CPU
	EndGlobalSection
	GlobalSection(SolutionProperties) = preSolution
		HideSolutionNode = FALSE
	EndGlobalSection
	GlobalSection(ExtensibilityGlobals) = postSolution
		SolutionGuid = {769A463E-C098-4E7F-88BF-858E700672E0}
	EndGlobalSection
EndGlobal
